// !$*UTF8*$!
{
	archiveVersion = 1;
	classes = {
	};
	objectVersion = 55;
	objects = {

/* Begin PBXBuildFile section */
		079482072830162700F6916C /* Models.swift in Sources */ = {isa = PBXBuildFile; fileRef = 079482062830162700F6916C /* Models.swift */; };
		07B2C0482828CC2C0013AD43 /* FormulasApp.swift in Sources */ = {isa = PBXBuildFile; fileRef = 07B2C0472828CC2C0013AD43 /* FormulasApp.swift */; };
		07B2C04A2828CC2C0013AD43 /* ContentView.swift in Sources */ = {isa = PBXBuildFile; fileRef = 07B2C0492828CC2C0013AD43 /* ContentView.swift */; };
		07B2C04C2828CC300013AD43 /* Assets.xcassets in Resources */ = {isa = PBXBuildFile; fileRef = 07B2C04B2828CC300013AD43 /* Assets.xcassets */; };
		07B2C04F2828CC300013AD43 /* Preview Assets.xcassets in Resources */ = {isa = PBXBuildFile; fileRef = 07B2C04E2828CC300013AD43 /* Preview Assets.xcassets */; };
		07B2C0592828CC300013AD43 /* FormulasTests.swift in Sources */ = {isa = PBXBuildFile; fileRef = 07B2C0582828CC300013AD43 /* FormulasTests.swift */; };
		07B2C0632828CC300013AD43 /* FormulasUITests.swift in Sources */ = {isa = PBXBuildFile; fileRef = 07B2C0622828CC300013AD43 /* FormulasUITests.swift */; };
		07B2C0652828CC300013AD43 /* FormulasUITestsLaunchTests.swift in Sources */ = {isa = PBXBuildFile; fileRef = 07B2C0642828CC300013AD43 /* FormulasUITestsLaunchTests.swift */; };
/* End PBXBuildFile section */

/* Begin PBXContainerItemProxy section */
		07B2C0552828CC300013AD43 /* PBXContainerItemProxy */ = {
			isa = PBXContainerItemProxy;
			containerPortal = 07B2C03C2828CC2C0013AD43 /* Project object */;
			proxyType = 1;
			remoteGlobalIDString = 07B2C0432828CC2C0013AD43;
			remoteInfo = Formulas;
		};
		07B2C05F2828CC300013AD43 /* PBXContainerItemProxy */ = {
			isa = PBXContainerItemProxy;
			containerPortal = 07B2C03C2828CC2C0013AD43 /* Project object */;
			proxyType = 1;
			remoteGlobalIDString = 07B2C0432828CC2C0013AD43;
			remoteInfo = Formulas;
		};
/* End PBXContainerItemProxy section */

/* Begin PBXFileReference section */
		079482062830162700F6916C /* Models.swift */ = {isa = PBXFileReference; lastKnownFileType = sourcecode.swift; path = Models.swift; sourceTree = "<group>"; };
		07B2C0442828CC2C0013AD43 /* Formulas.app */ = {isa = PBXFileReference; explicitFileType = wrapper.application; includeInIndex = 0; path = Formulas.app; sourceTree = BUILT_PRODUCTS_DIR; };
		07B2C0472828CC2C0013AD43 /* FormulasApp.swift */ = {isa = PBXFileReference; lastKnownFileType = sourcecode.swift; path = FormulasApp.swift; sourceTree = "<group>"; };
		07B2C0492828CC2C0013AD43 /* ContentView.swift */ = {isa = PBXFileReference; lastKnownFileType = sourcecode.swift; path = ContentView.swift; sourceTree = "<group>"; };
		07B2C04B2828CC300013AD43 /* Assets.xcassets */ = {isa = PBXFileReference; lastKnownFileType = folder.assetcatalog; path = Assets.xcassets; sourceTree = "<group>"; };
		07B2C04E2828CC300013AD43 /* Preview Assets.xcassets */ = {isa = PBXFileReference; lastKnownFileType = folder.assetcatalog; path = "Preview Assets.xcassets"; sourceTree = "<group>"; };
		07B2C0542828CC300013AD43 /* FormulasTests.xctest */ = {isa = PBXFileReference; explicitFileType = wrapper.cfbundle; includeInIndex = 0; path = FormulasTests.xctest; sourceTree = BUILT_PRODUCTS_DIR; };
		07B2C0582828CC300013AD43 /* FormulasTests.swift */ = {isa = PBXFileReference; lastKnownFileType = sourcecode.swift; path = FormulasTests.swift; sourceTree = "<group>"; };
		07B2C05E2828CC300013AD43 /* FormulasUITests.xctest */ = {isa = PBXFileReference; explicitFileType = wrapper.cfbundle; includeInIndex = 0; path = FormulasUITests.xctest; sourceTree = BUILT_PRODUCTS_DIR; };
		07B2C0622828CC300013AD43 /* FormulasUITests.swift */ = {isa = PBXFileReference; lastKnownFileType = sourcecode.swift; path = FormulasUITests.swift; sourceTree = "<group>"; };
		07B2C0642828CC300013AD43 /* FormulasUITestsLaunchTests.swift */ = {isa = PBXFileReference; lastKnownFileType = sourcecode.swift; path = FormulasUITestsLaunchTests.swift; sourceTree = "<group>"; };
/* End PBXFileReference section */

/* Begin PBXFrameworksBuildPhase section */
		07B2C0412828CC2C0013AD43 /* Frameworks */ = {
			isa = PBXFrameworksBuildPhase;
			buildActionMask = 2147483647;
			files = (
			);
			runOnlyForDeploymentPostprocessing = 0;
		};
		07B2C0512828CC300013AD43 /* Frameworks */ = {
			isa = PBXFrameworksBuildPhase;
			buildActionMask = 2147483647;
			files = (
			);
			runOnlyForDeploymentPostprocessing = 0;
		};
		07B2C05B2828CC300013AD43 /* Frameworks */ = {
			isa = PBXFrameworksBuildPhase;
			buildActionMask = 2147483647;
			files = (
			);
			runOnlyForDeploymentPostprocessing = 0;
		};
/* End PBXFrameworksBuildPhase section */

/* Begin PBXGroup section */
		07B2C03B2828CC2C0013AD43 = {
			isa = PBXGroup;
			children = (
				07B2C0462828CC2C0013AD43 /* Formulas */,
				07B2C0572828CC300013AD43 /* FormulasTests */,
				07B2C0612828CC300013AD43 /* FormulasUITests */,
				07B2C0452828CC2C0013AD43 /* Products */,
			);
			sourceTree = "<group>";
		};
		07B2C0452828CC2C0013AD43 /* Products */ = {
			isa = PBXGroup;
			children = (
				07B2C0442828CC2C0013AD43 /* Formulas.app */,
				07B2C0542828CC300013AD43 /* FormulasTests.xctest */,
				07B2C05E2828CC300013AD43 /* FormulasUITests.xctest */,
			);
			name = Products;
			sourceTree = "<group>";
		};
		07B2C0462828CC2C0013AD43 /* Formulas */ = {
			isa = PBXGroup;
			children = (
				07B2C0472828CC2C0013AD43 /* FormulasApp.swift */,
				07B2C0492828CC2C0013AD43 /* ContentView.swift */,
				079482062830162700F6916C /* Models.swift */,
				07B2C04B2828CC300013AD43 /* Assets.xcassets */,
				07B2C04D2828CC300013AD43 /* Preview Content */,
			);
			path = Formulas;
			sourceTree = "<group>";
		};
		07B2C04D2828CC300013AD43 /* Preview Content */ = {
			isa = PBXGroup;
			children = (
				07B2C04E2828CC300013AD43 /* Preview Assets.xcassets */,
			);
			path = "Preview Content";
			sourceTree = "<group>";
		};
		07B2C0572828CC300013AD43 /* FormulasTests */ = {
			isa = PBXGroup;
			children = (
				07B2C0582828CC300013AD43 /* FormulasTests.swift */,
			);
			path = FormulasTests;
			sourceTree = "<group>";
		};
		07B2C0612828CC300013AD43 /* FormulasUITests */ = {
			isa = PBXGroup;
			children = (
				07B2C0622828CC300013AD43 /* FormulasUITests.swift */,
				07B2C0642828CC300013AD43 /* FormulasUITestsLaunchTests.swift */,
			);
			path = FormulasUITests;
			sourceTree = "<group>";
		};
/* End PBXGroup section */

/* Begin PBXNativeTarget section */
		07B2C0432828CC2C0013AD43 /* Formulas */ = {
			isa = PBXNativeTarget;
			buildConfigurationList = 07B2C0682828CC300013AD43 /* Build configuration list for PBXNativeTarget "Formulas" */;
			buildPhases = (
				07B2C0402828CC2C0013AD43 /* Sources */,
				07B2C0412828CC2C0013AD43 /* Frameworks */,
				07B2C0422828CC2C0013AD43 /* Resources */,
			);
			buildRules = (
			);
			dependencies = (
			);
			name = Formulas;
			productName = Formulas;
			productReference = 07B2C0442828CC2C0013AD43 /* Formulas.app */;
			productType = "com.apple.product-type.application";
		};
		07B2C0532828CC300013AD43 /* FormulasTests */ = {
			isa = PBXNativeTarget;
			buildConfigurationList = 07B2C06B2828CC300013AD43 /* Build configuration list for PBXNativeTarget "FormulasTests" */;
			buildPhases = (
				07B2C0502828CC300013AD43 /* Sources */,
				07B2C0512828CC300013AD43 /* Frameworks */,
				07B2C0522828CC300013AD43 /* Resources */,
			);
			buildRules = (
			);
			dependencies = (
				07B2C0562828CC300013AD43 /* PBXTargetDependency */,
			);
			name = FormulasTests;
			productName = FormulasTests;
			productReference = 07B2C0542828CC300013AD43 /* FormulasTests.xctest */;
			productType = "com.apple.product-type.bundle.unit-test";
		};
		07B2C05D2828CC300013AD43 /* FormulasUITests */ = {
			isa = PBXNativeTarget;
			buildConfigurationList = 07B2C06E2828CC300013AD43 /* Build configuration list for PBXNativeTarget "FormulasUITests" */;
			buildPhases = (
				07B2C05A2828CC300013AD43 /* Sources */,
				07B2C05B2828CC300013AD43 /* Frameworks */,
				07B2C05C2828CC300013AD43 /* Resources */,
			);
			buildRules = (
			);
			dependencies = (
				07B2C0602828CC300013AD43 /* PBXTargetDependency */,
			);
			name = FormulasUITests;
			productName = FormulasUITests;
			productReference = 07B2C05E2828CC300013AD43 /* FormulasUITests.xctest */;
			productType = "com.apple.product-type.bundle.ui-testing";
		};
/* End PBXNativeTarget section */

/* Begin PBXProject section */
		07B2C03C2828CC2C0013AD43 /* Project object */ = {
			isa = PBXProject;
			attributes = {
				BuildIndependentTargetsInParallel = 1;
				LastSwiftUpdateCheck = 1320;
				LastUpgradeCheck = 1320;
				TargetAttributes = {
					07B2C0432828CC2C0013AD43 = {
						CreatedOnToolsVersion = 13.2.1;
					};
					07B2C0532828CC300013AD43 = {
						CreatedOnToolsVersion = 13.2.1;
						TestTargetID = 07B2C0432828CC2C0013AD43;
					};
					07B2C05D2828CC300013AD43 = {
						CreatedOnToolsVersion = 13.2.1;
						TestTargetID = 07B2C0432828CC2C0013AD43;
					};
				};
			};
			buildConfigurationList = 07B2C03F2828CC2C0013AD43 /* Build configuration list for PBXProject "Formulas" */;
			compatibilityVersion = "Xcode 13.0";
			developmentRegion = en;
			hasScannedForEncodings = 0;
			knownRegions = (
				en,
				Base,
			);
			mainGroup = 07B2C03B2828CC2C0013AD43;
			productRefGroup = 07B2C0452828CC2C0013AD43 /* Products */;
			projectDirPath = "";
			projectRoot = "";
			targets = (
				07B2C0432828CC2C0013AD43 /* Formulas */,
				07B2C0532828CC300013AD43 /* FormulasTests */,
				07B2C05D2828CC300013AD43 /* FormulasUITests */,
			);
		};
/* End PBXProject section */

/* Begin PBXResourcesBuildPhase section */
		07B2C0422828CC2C0013AD43 /* Resources */ = {
			isa = PBXResourcesBuildPhase;
			buildActionMask = 2147483647;
			files = (
				07B2C04F2828CC300013AD43 /* Preview Assets.xcassets in Resources */,
				07B2C04C2828CC300013AD43 /* Assets.xcassets in Resources */,
			);
			runOnlyForDeploymentPostprocessing = 0;
		};
		07B2C0522828CC300013AD43 /* Resources */ = {
			isa = PBXResourcesBuildPhase;
			buildActionMask = 2147483647;
			files = (
			);
			runOnlyForDeploymentPostprocessing = 0;
		};
		07B2C05C2828CC300013AD43 /* Resources */ = {
			isa = PBXResourcesBuildPhase;
			buildActionMask = 2147483647;
			files = (
			);
			runOnlyForDeploymentPostprocessing = 0;
		};
/* End PBXResourcesBuildPhase section */

/* Begin PBXSourcesBuildPhase section */
		07B2C0402828CC2C0013AD43 /* Sources */ = {
			isa = PBXSourcesBuildPhase;
			buildActionMask = 2147483647;
			files = (
				079482072830162700F6916C /* Models.swift in Sources */,
				07B2C04A2828CC2C0013AD43 /* ContentView.swift in Sources */,
				07B2C0482828CC2C0013AD43 /* FormulasApp.swift in Sources */,
			);
			runOnlyForDeploymentPostprocessing = 0;
		};
		07B2C0502828CC300013AD43 /* Sources */ = {
			isa = PBXSourcesBuildPhase;
			buildActionMask = 2147483647;
			files = (
				07B2C0592828CC300013AD43 /* FormulasTests.swift in Sources */,
			);
			runOnlyForDeploymentPostprocessing = 0;
		};
		07B2C05A2828CC300013AD43 /* Sources */ = {
			isa = PBXSourcesBuildPhase;
			buildActionMask = 2147483647;
			files = (
				07B2C0652828CC300013AD43 /* FormulasUITestsLaunchTests.swift in Sources */,
				07B2C0632828CC300013AD43 /* FormulasUITests.swift in Sources */,
			);
			runOnlyForDeploymentPostprocessing = 0;
		};
/* End PBXSourcesBuildPhase section */

/* Begin PBXTargetDependency section */
		07B2C0562828CC300013AD43 /* PBXTargetDependency */ = {
			isa = PBXTargetDependency;
			target = 07B2C0432828CC2C0013AD43 /* Formulas */;
			targetProxy = 07B2C0552828CC300013AD43 /* PBXContainerItemProxy */;
		};
		07B2C0602828CC300013AD43 /* PBXTargetDependency */ = {
			isa = PBXTargetDependency;
			target = 07B2C0432828CC2C0013AD43 /* Formulas */;
			targetProxy = 07B2C05F2828CC300013AD43 /* PBXContainerItemProxy */;
		};
/* End PBXTargetDependency section */

/* Begin XCBuildConfiguration section */
		07B2C0662828CC300013AD43 /* Debug */ = {
			isa = XCBuildConfiguration;
			buildSettings = {
				ALWAYS_SEARCH_USER_PATHS = NO;
				CLANG_ANALYZER_NONNULL = YES;
				CLANG_ANALYZER_NUMBER_OBJECT_CONVERSION = YES_AGGRESSIVE;
				CLANG_CXX_LANGUAGE_STANDARD = "gnu++17";
				CLANG_CXX_LIBRARY = "libc++";
				CLANG_ENABLE_MODULES = YES;
				CLANG_ENABLE_OBJC_ARC = YES;
				CLANG_ENABLE_OBJC_WEAK = YES;
				CLANG_WARN_BLOCK_CAPTURE_AUTORELEASING = YES;
				CLANG_WARN_BOOL_CONVERSION = YES;
				CLANG_WARN_COMMA = YES;
				CLANG_WARN_CONSTANT_CONVERSION = YES;
				CLANG_WARN_DEPRECATED_OBJC_IMPLEMENTATIONS = YES;
				CLANG_WARN_DIRECT_OBJC_ISA_USAGE = YES_ERROR;
				CLANG_WARN_DOCUMENTATION_COMMENTS = YES;
				CLANG_WARN_EMPTY_BODY = YES;
				CLANG_WARN_ENUM_CONVERSION = YES;
				CLANG_WARN_INFINITE_RECURSION = YES;
				CLANG_WARN_INT_CONVERSION = YES;
				CLANG_WARN_NON_LITERAL_NULL_CONVERSION = YES;
				CLANG_WARN_OBJC_IMPLICIT_RETAIN_SELF = YES;
				CLANG_WARN_OBJC_LITERAL_CONVERSION = YES;
				CLANG_WARN_OBJC_ROOT_CLASS = YES_ERROR;
				CLANG_WARN_QUOTED_INCLUDE_IN_FRAMEWORK_HEADER = YES;
				CLANG_WARN_RANGE_LOOP_ANALYSIS = YES;
				CLANG_WARN_STRICT_PROTOTYPES = YES;
				CLANG_WARN_SUSPICIOUS_MOVE = YES;
				CLANG_WARN_UNGUARDED_AVAILABILITY = YES_AGGRESSIVE;
				CLANG_WARN_UNREACHABLE_CODE = YES;
				CLANG_WARN__DUPLICATE_METHOD_MATCH = YES;
				COPY_PHASE_STRIP = NO;
				DEBUG_INFORMATION_FORMAT = dwarf;
				ENABLE_STRICT_OBJC_MSGSEND = YES;
				ENABLE_TESTABILITY = YES;
				GCC_C_LANGUAGE_STANDARD = gnu11;
				GCC_DYNAMIC_NO_PIC = NO;
				GCC_NO_COMMON_BLOCKS = YES;
				GCC_OPTIMIZATION_LEVEL = 0;
				GCC_PREPROCESSOR_DEFINITIONS = (
					"DEBUG=1",
					"$(inherited)",
				);
				GCC_WARN_64_TO_32_BIT_CONVERSION = YES;
				GCC_WARN_ABOUT_RETURN_TYPE = YES_ERROR;
				GCC_WARN_UNDECLARED_SELECTOR = YES;
				GCC_WARN_UNINITIALIZED_AUTOS = YES_AGGRESSIVE;
				GCC_WARN_UNUSED_FUNCTION = YES;
				GCC_WARN_UNUSED_VARIABLE = YES;
				IPHONEOS_DEPLOYMENT_TARGET = 15.2;
				MTL_ENABLE_DEBUG_INFO = INCLUDE_SOURCE;
				MTL_FAST_MATH = YES;
				ONLY_ACTIVE_ARCH = YES;
				SDKROOT = iphoneos;
				SWIFT_ACTIVE_COMPILATION_CONDITIONS = DEBUG;
				SWIFT_OPTIMIZATION_LEVEL = "-Onone";
			};
			name = Debug;
		};
		07B2C0672828CC300013AD43 /* Release */ = {
			isa = XCBuildConfiguration;
			buildSettings = {
				ALWAYS_SEARCH_USER_PATHS = NO;
				CLANG_ANALYZER_NONNULL = YES;
				CLANG_ANALYZER_NUMBER_OBJECT_CONVERSION = YES_AGGRESSIVE;
				CLANG_CXX_LANGUAGE_STANDARD = "gnu++17";
				CLANG_CXX_LIBRARY = "libc++";
				CLANG_ENABLE_MODULES = YES;
				CLANG_ENABLE_OBJC_ARC = YES;
				CLANG_ENABLE_OBJC_WEAK = YES;
				CLANG_WARN_BLOCK_CAPTURE_AUTORELEASING = YES;
				CLANG_WARN_BOOL_CONVERSION = YES;
				CLANG_WARN_COMMA = YES;
				CLANG_WARN_CONSTANT_CONVERSION = YES;
				CLANG_WARN_DEPRECATED_OBJC_IMPLEMENTATIONS = YES;
				CLANG_WARN_DIRECT_OBJC_ISA_USAGE = YES_ERROR;
				CLANG_WARN_DOCUMENTATION_COMMENTS = YES;
				CLANG_WARN_EMPTY_BODY = YES;
				CLANG_WARN_ENUM_CONVERSION = YES;
				CLANG_WARN_INFINITE_RECURSION = YES;
				CLANG_WARN_INT_CONVERSION = YES;
				CLANG_WARN_NON_LITERAL_NULL_CONVERSION = YES;
				CLANG_WARN_OBJC_IMPLICIT_RETAIN_SELF = YES;
				CLANG_WARN_OBJC_LITERAL_CONVERSION = YES;
				CLANG_WARN_OBJC_ROOT_CLASS = YES_ERROR;
				CLANG_WARN_QUOTED_INCLUDE_IN_FRAMEWORK_HEADER = YES;
				CLANG_WARN_RANGE_LOOP_ANALYSIS = YES;
				CLANG_WARN_STRICT_PROTOTYPES = YES;
				CLANG_WARN_SUSPICIOUS_MOVE = YES;
				CLANG_WARN_UNGUARDED_AVAILABILITY = YES_AGGRESSIVE;
				CLANG_WARN_UNREACHABLE_CODE = YES;
				CLANG_WARN__DUPLICATE_METHOD_MATCH = YES;
				COPY_PHASE_STRIP = NO;
				DEBUG_INFORMATION_FORMAT = "dwarf-with-dsym";
				ENABLE_NS_ASSERTIONS = NO;
				ENABLE_STRICT_OBJC_MSGSEND = YES;
				GCC_C_LANGUAGE_STANDARD = gnu11;
				GCC_NO_COMMON_BLOCKS = YES;
				GCC_WARN_64_TO_32_BIT_CONVERSION = YES;
				GCC_WARN_ABOUT_RETURN_TYPE = YES_ERROR;
				GCC_WARN_UNDECLARED_SELECTOR = YES;
				GCC_WARN_UNINITIALIZED_AUTOS = YES_AGGRESSIVE;
				GCC_WARN_UNUSED_FUNCTION = YES;
				GCC_WARN_UNUSED_VARIABLE = YES;
				IPHONEOS_DEPLOYMENT_TARGET = 15.2;
				MTL_ENABLE_DEBUG_INFO = NO;
				MTL_FAST_MATH = YES;
				SDKROOT = iphoneos;
				SWIFT_COMPILATION_MODE = wholemodule;
				SWIFT_OPTIMIZATION_LEVEL = "-O";
				VALIDATE_PRODUCT = YES;
			};
			name = Release;
		};
		07B2C0692828CC300013AD43 /* Debug */ = {
			isa = XCBuildConfiguration;
			buildSettings = {
				ASSETCATALOG_COMPILER_APPICON_NAME = AppIcon;
				ASSETCATALOG_COMPILER_GLOBAL_ACCENT_COLOR_NAME = AccentColor;
				CODE_SIGN_STYLE = Automatic;
				CURRENT_PROJECT_VERSION = 1;
				DEVELOPMENT_ASSET_PATHS = "\"Formulas/Preview Content\"";
				DEVELOPMENT_TEAM = 98Y7S9MWGY;
				ENABLE_PREVIEWS = YES;
				GENERATE_INFOPLIST_FILE = YES;
				INFOPLIST_KEY_UIApplicationSceneManifest_Generation = YES;
				INFOPLIST_KEY_UIApplicationSupportsIndirectInputEvents = YES;
				INFOPLIST_KEY_UILaunchScreen_Generation = YES;
				INFOPLIST_KEY_UISupportedInterfaceOrientations_iPad = "UIInterfaceOrientationPortrait UIInterfaceOrientationPortraitUpsideDown UIInterfaceOrientationLandscapeLeft UIInterfaceOrientationLandscapeRight";
				INFOPLIST_KEY_UISupportedInterfaceOrientations_iPhone = "UIInterfaceOrientationPortrait UIInterfaceOrientationLandscapeLeft UIInterfaceOrientationLandscapeRight";
				LD_RUNPATH_SEARCH_PATHS = (
					"$(inherited)",
					"@executable_path/Frameworks",
				);
				MARKETING_VERSION = 1.0;
				PRODUCT_BUNDLE_IDENTIFIER = omarhammad.Formulas;
				PRODUCT_NAME = "$(TARGET_NAME)";
				SWIFT_EMIT_LOC_STRINGS = YES;
				SWIFT_VERSION = 5.0;
				TARGETED_DEVICE_FAMILY = "1,2";
			};
			name = Debug;
		};
		07B2C06A2828CC300013AD43 /* Release */ = {
			isa = XCBuildConfiguration;
			buildSettings = {
				ASSETCATALOG_COMPILER_APPICON_NAME = AppIcon;
				ASSETCATALOG_COMPILER_GLOBAL_ACCENT_COLOR_NAME = AccentColor;
				CODE_SIGN_STYLE = Automatic;
				CURRENT_PROJECT_VERSION = 1;
				DEVELOPMENT_ASSET_PATHS = "\"Formulas/Preview Content\"";
				DEVELOPMENT_TEAM = 98Y7S9MWGY;
				ENABLE_PREVIEWS = YES;
				GENERATE_INFOPLIST_FILE = YES;
				INFOPLIST_KEY_UIApplicationSceneManifest_Generation = YES;
				INFOPLIST_KEY_UIApplicationSupportsIndirectInputEvents = YES;
				INFOPLIST_KEY_UILaunchScreen_Generation = YES;
				INFOPLIST_KEY_UISupportedInterfaceOrientations_iPad = "UIInterfaceOrientationPortrait UIInterfaceOrientationPortraitUpsideDown UIInterfaceOrientationLandscapeLeft UIInterfaceOrientationLandscapeRight";
				INFOPLIST_KEY_UISupportedInterfaceOrientations_iPhone = "UIInterfaceOrientationPortrait UIInterfaceOrientationLandscapeLeft UIInterfaceOrientationLandscapeRight";
				LD_RUNPATH_SEARCH_PATHS = (
					"$(inherited)",
					"@executable_path/Frameworks",
				);
				MARKETING_VERSION = 1.0;
				PRODUCT_BUNDLE_IDENTIFIER = omarhammad.Formulas;
				PRODUCT_NAME = "$(TARGET_NAME)";
				SWIFT_EMIT_LOC_STRINGS = YES;
				SWIFT_VERSION = 5.0;
				TARGETED_DEVICE_FAMILY = "1,2";
			};
			name = Release;
		};
		07B2C06C2828CC300013AD43 /* Debug */ = {
			isa = XCBuildConfiguration;
			buildSettings = {
				ALWAYS_EMBED_SWIFT_STANDARD_LIBRARIES = YES;
				BUNDLE_LOADER = "$(TEST_HOST)";
				CODE_SIGN_STYLE = Automatic;
				CURRENT_PROJECT_VERSION = 1;
				DEVELOPMENT_TEAM = 98Y7S9MWGY;
				GENERATE_INFOPLIST_FILE = YES;
				IPHONEOS_DEPLOYMENT_TARGET = 15.2;
				MARKETING_VERSION = 1.0;
				PRODUCT_BUNDLE_IDENTIFIER = omarhammad.FormulasTests;
				PRODUCT_NAME = "$(TARGET_NAME)";
				SWIFT_EMIT_LOC_STRINGS = NO;
				SWIFT_VERSION = 5.0;
				TARGETED_DEVICE_FAMILY = "1,2";
				TEST_HOST = "$(BUILT_PRODUCTS_DIR)/Formulas.app/Formulas";
			};
			name = Debug;
		};
		07B2C06D2828CC300013AD43 /* Release */ = {
			isa = XCBuildConfiguration;
			buildSettings = {
				ALWAYS_EMBED_SWIFT_STANDARD_LIBRARIES = YES;
				BUNDLE_LOADER = "$(TEST_HOST)";
				CODE_SIGN_STYLE = Automatic;
				CURRENT_PROJECT_VERSION = 1;
				DEVELOPMENT_TEAM = 98Y7S9MWGY;
				GENERATE_INFOPLIST_FILE = YES;
				IPHONEOS_DEPLOYMENT_TARGET = 15.2;
				MARKETING_VERSION = 1.0;
				PRODUCT_BUNDLE_IDENTIFIER = omarhammad.FormulasTests;
				PRODUCT_NAME = "$(TARGET_NAME)";
				SWIFT_EMIT_LOC_STRINGS = NO;
				SWIFT_VERSION = 5.0;
				TARGETED_DEVICE_FAMILY = "1,2";
				TEST_HOST = "$(BUILT_PRODUCTS_DIR)/Formulas.app/Formulas";
			};
			name = Release;
		};
		07B2C06F2828CC300013AD43 /* Debug */ = {
			isa = XCBuildConfiguration;
			buildSettings = {
				ALWAYS_EMBED_SWIFT_STANDARD_LIBRARIES = YES;
				CODE_SIGN_STYLE = Automatic;
				CURRENT_PROJECT_VERSION = 1;
				DEVELOPMENT_TEAM = 98Y7S9MWGY;
				GENERATE_INFOPLIST_FILE = YES;
				MARKETING_VERSION = 1.0;
				PRODUCT_BUNDLE_IDENTIFIER = omarhammad.FormulasUITests;
				PRODUCT_NAME = "$(TARGET_NAME)";
				SWIFT_EMIT_LOC_STRINGS = NO;
				SWIFT_VERSION = 5.0;
				TARGETED_DEVICE_FAMILY = "1,2";
				TEST_TARGET_NAME = Formulas;
			};
			name = Debug;
		};
		07B2C0702828CC300013AD43 /* Release */ = {
			isa = XCBuildConfiguration;
			buildSettings = {
				ALWAYS_EMBED_SWIFT_STANDARD_LIBRARIES = YES;
				CODE_SIGN_STYLE = Automatic;
				CURRENT_PROJECT_VERSION = 1;
				DEVELOPMENT_TEAM = 98Y7S9MWGY;
				GENERATE_INFOPLIST_FILE = YES;
				MARKETING_VERSION = 1.0;
				PRODUCT_BUNDLE_IDENTIFIER = omarhammad.FormulasUITests;
				PRODUCT_NAME = "$(TARGET_NAME)";
				SWIFT_EMIT_LOC_STRINGS = NO;
				SWIFT_VERSION = 5.0;
				TARGETED_DEVICE_FAMILY = "1,2";
				TEST_TARGET_NAME = Formulas;
			};
			name = Release;
		};
/* End XCBuildConfiguration section */

/* Begin XCConfigurationList section */
		07B2C03F2828CC2C0013AD43 /* Build configuration list for PBXProject "Formulas" */ = {
			isa = XCConfigurationList;
			buildConfigurations = (
				07B2C0662828CC300013AD43 /* Debug */,
				07B2C0672828CC300013AD43 /* Release */,
			);
			defaultConfigurationIsVisible = 0;
			defaultConfigurationName = Release;
		};
		07B2C0682828CC300013AD43 /* Build configuration list for PBXNativeTarget "Formulas" */ = {
			isa = XCConfigurationList;
			buildConfigurations = (
				07B2C0692828CC300013AD43 /* Debug */,
				07B2C06A2828CC300013AD43 /* Release */,
			);
			defaultConfigurationIsVisible = 0;
			defaultConfigurationName = Release;
		};
		07B2C06B2828CC300013AD43 /* Build configuration list for PBXNativeTarget "FormulasTests" */ = {
			isa = XCConfigurationList;
			buildConfigurations = (
				07B2C06C2828CC300013AD43 /* Debug */,
				07B2C06D2828CC300013AD43 /* Release */,
			);
			defaultConfigurationIsVisible = 0;
			defaultConfigurationName = Release;
		};
		07B2C06E2828CC300013AD43 /* Build configuration list for PBXNativeTarget "FormulasUITests" */ = {
			isa = XCConfigurationList;
			buildConfigurations = (
				07B2C06F2828CC300013AD43 /* Debug */,
				07B2C0702828CC300013AD43 /* Release */,
			);
			defaultConfigurationIsVisible = 0;
			defaultConfigurationName = Release;
		};
/* End XCConfigurationList section */
	};
	rootObject = 07B2C03C2828CC2C0013AD43 /* Project object */;
}
